
Microsoft Visual Studio Solution File, Format Version 12.00
# Visual Studio 15
VisualStudioVersion = 15.0.26730.12
MinimumVisualStudioVersion = 10.0.40219.1
Project("{FAE04EC0-301F-11D3-BF4B-00C04F79EFBC}") = "atuorun", "atuorun.csproj", "{059B2F2C-1E89-41C2-ADCA-8D0252B4213D}"
EndProject
Global
	GlobalSection(SolutionConfigurationPlatforms) = preSolution
		Debug|Any CPU = Debug|Any CPU
		Release|Any CPU = Release|Any CPU
	EndGlobalSection
	GlobalSection(ProjectConfigurationPlatforms) = postSolution
		{059B2F2C-1E89-41C2-ADCA-8D0252B4213D}.Debug|Any CPU.ActiveCfg = Debug|Any CPU
		{059B2F2C-1E89-41C2-ADCA-8D0252B4213D}.Debug|Any CPU.Build.0 = Debug|Any CPU
		{059B2F2C-1E89-41C2-ADCA-8D0252B4213D}.Release|Any CPU.ActiveCfg = Release|Any CPU
		{059B2F2C-1E89-41C2-ADCA-8D0252B4213D}.Release|Any CPU.Build.0 = Release|Any CPU
	EndGlobalSection
	GlobalSection(SolutionProperties) = preSolution
		HideSolutionNode = FALSE
	EndGlobalSection
	GlobalSection(ExtensibilityGlobals) = postSolution
		SolutionGuid = {CB89AA98-1D3B-4C1A-9D85-EB8B92E12B33}
	EndGlobalSection
EndGlobal
